
Microsoft Visual Studio Solution File, Format Version 12.00
# Visual Studio Version 17
VisualStudioVersion = 17.14.36121.58 d17.14
MinimumVisualStudioVersion = 10.0.40219.1
Project("{FAE04EC0-301F-11D3-BF4B-00C04F79EFBC}") = "GestionTareas.Api", "GestionTareas.Api\GestionTareas.Api.csproj", "{4D40EF1D-C475-4116-A0C3-2D4687E1AE9E}"
EndProject
Project("{FAE04EC0-301F-11D3-BF4B-00C04F79EFBC}") = "GestionTareas.MVC", "GestionTareas.MVC\GestionTareas.MVC.csproj", "{68D3FFD2-AADA-4C21-B3A1-3B6382FFEE09}"
EndProject
Global
	GlobalSection(SolutionConfigurationPlatforms) = preSolution
		Debug|Any CPU = Debug|Any CPU
		Release|Any CPU = Release|Any CPU
	EndGlobalSection
	GlobalSection(ProjectConfigurationPlatforms) = postSolution
		{4D40EF1D-C475-4116-A0C3-2D4687E1AE9E}.Debug|Any CPU.ActiveCfg = Debug|Any CPU
		{4D40EF1D-C475-4116-A0C3-2D4687E1AE9E}.Debug|Any CPU.Build.0 = Debug|Any CPU
		{4D40EF1D-C475-4116-A0C3-2D4687E1AE9E}.Release|Any CPU.ActiveCfg = Release|Any CPU
		{4D40EF1D-C475-4116-A0C3-2D4687E1AE9E}.Release|Any CPU.Build.0 = Release|Any CPU
		{68D3FFD2-AADA-4C21-B3A1-3B6382FFEE09}.Debug|Any CPU.ActiveCfg = Debug|Any CPU
		{68D3FFD2-AADA-4C21-B3A1-3B6382FFEE09}.Debug|Any CPU.Build.0 = Debug|Any CPU
		{68D3FFD2-AADA-4C21-B3A1-3B6382FFEE09}.Release|Any CPU.ActiveCfg = Release|Any CPU
		{68D3FFD2-AADA-4C21-B3A1-3B6382FFEE09}.Release|Any CPU.Build.0 = Release|Any CPU
	EndGlobalSection
	GlobalSection(SolutionProperties) = preSolution
		HideSolutionNode = FALSE
	EndGlobalSection
	GlobalSection(ExtensibilityGlobals) = postSolution
		SolutionGuid = {7BCADC12-2BDB-4E71-AFC0-BC8ABCF9606E}
	EndGlobalSection
EndGlobal
